
Microsoft Visual Studio Solution File, Format Version 12.00
# Visual Studio Version 16
VisualStudioVersion = 16.0.31129.286
MinimumVisualStudioVersion = 10.0.40219.1
Project("{8BC9CEB8-8B4A-11D0-8D11-00A0C91BC942}") = "3-2", "3-2.vcxproj", "{5FC9452C-F2DD-4371-A20F-4EF473D26319}"
EndProject
Global
	GlobalSection(SolutionConfigurationPlatforms) = preSolution
		Debug|x64 = Debug|x64
		Debug|x86 = Debug|x86
		Release|x64 = Release|x64
		Release|x86 = Release|x86
	EndGlobalSection
	GlobalSection(ProjectConfigurationPlatforms) = postSolution
		{5FC9452C-F2DD-4371-A20F-4EF473D26319}.Debug|x64.ActiveCfg = Debug|x64
		{5FC9452C-F2DD-4371-A20F-4EF473D26319}.Debug|x64.Build.0 = Debug|x64
		{5FC9452C-F2DD-4371-A20F-4EF473D26319}.Debug|x86.ActiveCfg = Debug|Win32
		{5FC9452C-F2DD-4371-A20F-4EF473D26319}.Debug|x86.Build.0 = Debug|Win32
		{5FC9452C-F2DD-4371-A20F-4EF473D26319}.Release|x64.ActiveCfg = Release|x64
		{5FC9452C-F2DD-4371-A20F-4EF473D26319}.Release|x64.Build.0 = Release|x64
		{5FC9452C-F2DD-4371-A20F-4EF473D26319}.Release|x86.ActiveCfg = Release|Win32
		{5FC9452C-F2DD-4371-A20F-4EF473D26319}.Release|x86.Build.0 = Release|Win32
	EndGlobalSection
	GlobalSection(SolutionProperties) = preSolution
		HideSolutionNode = FALSE
	EndGlobalSection
	GlobalSection(ExtensibilityGlobals) = postSolution
		SolutionGuid = {9AA33F04-E551-4861-9698-F9DD195AC030}
	EndGlobalSection
EndGlobal
